// !$*UTF8*$!
{
	archiveVersion = 1;
	classes = {
	};
	objectVersion = 77;
	objects = {

/* Begin PBXBuildFile section */
		8F1E6DFF2D0739C4004B8F4B /* Toast in Frameworks */ = {isa = PBXBuildFile; productRef = 8F1E6DFE2D0739C4004B8F4B /* Toast */; };
		8F931C6F2D05F0A300AFD218 /* SkeletonView in Frameworks */ = {isa = PBXBuildFile; productRef = 8F931C6E2D05F0A300AFD218 /* SkeletonView */; };
/* End PBXBuildFile section */

/* Begin PBXContainerItemProxy section */
		8F931C1F2D03512200AFD218 /* PBXContainerItemProxy */ = {
			isa = PBXContainerItemProxy;
			containerPortal = 8F931C002D03512000AFD218 /* Project object */;
			proxyType = 1;
			remoteGlobalIDString = 8F931C072D03512000AFD218;
			remoteInfo = MoneyExcangeCalculator;
		};
		8F931C292D03512200AFD218 /* PBXContainerItemProxy */ = {
			isa = PBXContainerItemProxy;
			containerPortal = 8F931C002D03512000AFD218 /* Project object */;
			proxyType = 1;
			remoteGlobalIDString = 8F931C072D03512000AFD218;
			remoteInfo = MoneyExcangeCalculator;
		};
/* End PBXContainerItemProxy section */

/* Begin PBXFileReference section */
		8F931C082D03512000AFD218 /* MoneyExcangeCalculator.app */ = {isa = PBXFileReference; explicitFileType = wrapper.application; includeInIndex = 0; path = MoneyExcangeCalculator.app; sourceTree = BUILT_PRODUCTS_DIR; };
		8F931C1E2D03512200AFD218 /* MoneyExcangeCalculatorTests.xctest */ = {isa = PBXFileReference; explicitFileType = wrapper.cfbundle; includeInIndex = 0; path = MoneyExcangeCalculatorTests.xctest; sourceTree = BUILT_PRODUCTS_DIR; };
		8F931C282D03512200AFD218 /* MoneyExcangeCalculatorUITests.xctest */ = {isa = PBXFileReference; explicitFileType = wrapper.cfbundle; includeInIndex = 0; path = MoneyExcangeCalculatorUITests.xctest; sourceTree = BUILT_PRODUCTS_DIR; };
/* End PBXFileReference section */

/* Begin PBXFileSystemSynchronizedBuildFileExceptionSet section */
		8F931C302D03512200AFD218 /* Exceptions for "MoneyExcangeCalculator" folder in "MoneyExcangeCalculator" target */ = {
			isa = PBXFileSystemSynchronizedBuildFileExceptionSet;
			membershipExceptions = (
				Info.plist,
			);
			target = 8F931C072D03512000AFD218 /* MoneyExcangeCalculator */;
		};
/* End PBXFileSystemSynchronizedBuildFileExceptionSet section */

/* Begin PBXFileSystemSynchronizedRootGroup section */
		8F931C0A2D03512000AFD218 /* MoneyExcangeCalculator */ = {
			isa = PBXFileSystemSynchronizedRootGroup;
			exceptions = (
				8F931C302D03512200AFD218 /* Exceptions for "MoneyExcangeCalculator" folder in "MoneyExcangeCalculator" target */,
			);
			path = MoneyExcangeCalculator;
			sourceTree = "<group>";
		};
		8F931C212D03512200AFD218 /* MoneyExcangeCalculatorTests */ = {
			isa = PBXFileSystemSynchronizedRootGroup;
			path = MoneyExcangeCalculatorTests;
			sourceTree = "<group>";
		};
		8F931C2B2D03512200AFD218 /* MoneyExcangeCalculatorUITests */ = {
			isa = PBXFileSystemSynchronizedRootGroup;
			path = MoneyExcangeCalculatorUITests;
			sourceTree = "<group>";
		};
/* End PBXFileSystemSynchronizedRootGroup section */

/* Begin PBXFrameworksBuildPhase section */
		8F931C052D03512000AFD218 /* Frameworks */ = {
			isa = PBXFrameworksBuildPhase;
			buildActionMask = 2147483647;
			files = (
				8F1E6DFF2D0739C4004B8F4B /* Toast in Frameworks */,
				8F931C6F2D05F0A300AFD218 /* SkeletonView in Frameworks */,
			);
			runOnlyForDeploymentPostprocessing = 0;
		};
		8F931C1B2D03512200AFD218 /* Frameworks */ = {
			isa = PBXFrameworksBuildPhase;
			buildActionMask = 2147483647;
			files = (
			);
			runOnlyForDeploymentPostprocessing = 0;
		};
		8F931C252D03512200AFD218 /* Frameworks */ = {
			isa = PBXFrameworksBuildPhase;
			buildActionMask = 2147483647;
			files = (
			);
			runOnlyForDeploymentPostprocessing = 0;
		};
/* End PBXFrameworksBuildPhase section */

/* Begin PBXGroup section */
		8F931BFF2D03512000AFD218 = {
			isa = PBXGroup;
			children = (
				8F931C0A2D03512000AFD218 /* MoneyExcangeCalculator */,
				8F931C212D03512200AFD218 /* MoneyExcangeCalculatorTests */,
				8F931C2B2D03512200AFD218 /* MoneyExcangeCalculatorUITests */,
				8F931C092D03512000AFD218 /* Products */,
			);
			sourceTree = "<group>";
		};
		8F931C092D03512000AFD218 /* Products */ = {
			isa = PBXGroup;
			children = (
				8F931C082D03512000AFD218 /* MoneyExcangeCalculator.app */,
				8F931C1E2D03512200AFD218 /* MoneyExcangeCalculatorTests.xctest */,
				8F931C282D03512200AFD218 /* MoneyExcangeCalculatorUITests.xctest */,
			);
			name = Products;
			sourceTree = "<group>";
		};
/* End PBXGroup section */

/* Begin PBXNativeTarget section */
		8F931C072D03512000AFD218 /* MoneyExcangeCalculator */ = {
			isa = PBXNativeTarget;
			buildConfigurationList = 8F931C312D03512200AFD218 /* Build configuration list for PBXNativeTarget "MoneyExcangeCalculator" */;
			buildPhases = (
				8F931C042D03512000AFD218 /* Sources */,
				8F931C052D03512000AFD218 /* Frameworks */,
				8F931C062D03512000AFD218 /* Resources */,
			);
			buildRules = (
			);
			dependencies = (
			);
			fileSystemSynchronizedGroups = (
				8F931C0A2D03512000AFD218 /* MoneyExcangeCalculator */,
			);
			name = MoneyExcangeCalculator;
			packageProductDependencies = (
				8F931C6E2D05F0A300AFD218 /* SkeletonView */,
				8F1E6DFE2D0739C4004B8F4B /* Toast */,
			);
			productName = MoneyExcangeCalculator;
			productReference = 8F931C082D03512000AFD218 /* MoneyExcangeCalculator.app */;
			productType = "com.apple.product-type.application";
		};
		8F931C1D2D03512200AFD218 /* MoneyExcangeCalculatorTests */ = {
			isa = PBXNativeTarget;
			buildConfigurationList = 8F931C362D03512200AFD218 /* Build configuration list for PBXNativeTarget "MoneyExcangeCalculatorTests" */;
			buildPhases = (
				8F931C1A2D03512200AFD218 /* Sources */,
				8F931C1B2D03512200AFD218 /* Frameworks */,
				8F931C1C2D03512200AFD218 /* Resources */,
			);
			buildRules = (
			);
			dependencies = (
				8F931C202D03512200AFD218 /* PBXTargetDependency */,
			);
			fileSystemSynchronizedGroups = (
				8F931C212D03512200AFD218 /* MoneyExcangeCalculatorTests */,
			);
			name = MoneyExcangeCalculatorTests;
			packageProductDependencies = (
			);
			productName = MoneyExcangeCalculatorTests;
			productReference = 8F931C1E2D03512200AFD218 /* MoneyExcangeCalculatorTests.xctest */;
			productType = "com.apple.product-type.bundle.unit-test";
		};
		8F931C272D03512200AFD218 /* MoneyExcangeCalculatorUITests */ = {
			isa = PBXNativeTarget;
			buildConfigurationList = 8F931C392D03512200AFD218 /* Build configuration list for PBXNativeTarget "MoneyExcangeCalculatorUITests" */;
			buildPhases = (
				8F931C242D03512200AFD218 /* Sources */,
				8F931C252D03512200AFD218 /* Frameworks */,
				8F931C262D03512200AFD218 /* Resources */,
			);
			buildRules = (
			);
			dependencies = (
				8F931C2A2D03512200AFD218 /* PBXTargetDependency */,
			);
			fileSystemSynchronizedGroups = (
				8F931C2B2D03512200AFD218 /* MoneyExcangeCalculatorUITests */,
			);
			name = MoneyExcangeCalculatorUITests;
			packageProductDependencies = (
			);
			productName = MoneyExcangeCalculatorUITests;
			productReference = 8F931C282D03512200AFD218 /* MoneyExcangeCalculatorUITests.xctest */;
			productType = "com.apple.product-type.bundle.ui-testing";
		};
/* End PBXNativeTarget section */

/* Begin PBXProject section */
		8F931C002D03512000AFD218 /* Project object */ = {
			isa = PBXProject;
			attributes = {
				BuildIndependentTargetsInParallel = 1;
				LastSwiftUpdateCheck = 1610;
				LastUpgradeCheck = 1610;
				TargetAttributes = {
					8F931C072D03512000AFD218 = {
						CreatedOnToolsVersion = 16.1;
					};
					8F931C1D2D03512200AFD218 = {
						CreatedOnToolsVersion = 16.1;
						TestTargetID = 8F931C072D03512000AFD218;
					};
					8F931C272D03512200AFD218 = {
						CreatedOnToolsVersion = 16.1;
						TestTargetID = 8F931C072D03512000AFD218;
					};
				};
			};
			buildConfigurationList = 8F931C032D03512000AFD218 /* Build configuration list for PBXProject "MoneyExcangeCalculator" */;
			developmentRegion = en;
			hasScannedForEncodings = 0;
			knownRegions = (
				en,
				Base,
			);
			mainGroup = 8F931BFF2D03512000AFD218;
			minimizedProjectReferenceProxies = 1;
			packageReferences = (
				8F931C6D2D05F0A300AFD218 /* XCRemoteSwiftPackageReference "SkeletonView" */,
				8F1E6DFD2D0739C4004B8F4B /* XCRemoteSwiftPackageReference "Toast-Swift" */,
			);
			preferredProjectObjectVersion = 77;
			productRefGroup = 8F931C092D03512000AFD218 /* Products */;
			projectDirPath = "";
			projectRoot = "";
			targets = (
				8F931C072D03512000AFD218 /* MoneyExcangeCalculator */,
				8F931C1D2D03512200AFD218 /* MoneyExcangeCalculatorTests */,
				8F931C272D03512200AFD218 /* MoneyExcangeCalculatorUITests */,
			);
		};
/* End PBXProject section */

/* Begin PBXResourcesBuildPhase section */
		8F931C062D03512000AFD218 /* Resources */ = {
			isa = PBXResourcesBuildPhase;
			buildActionMask = 2147483647;
			files = (
			);
			runOnlyForDeploymentPostprocessing = 0;
		};
		8F931C1C2D03512200AFD218 /* Resources */ = {
			isa = PBXResourcesBuildPhase;
			buildActionMask = 2147483647;
			files = (
			);
			runOnlyForDeploymentPostprocessing = 0;
		};
		8F931C262D03512200AFD218 /* Resources */ = {
			isa = PBXResourcesBuildPhase;
			buildActionMask = 2147483647;
			files = (
			);
			runOnlyForDeploymentPostprocessing = 0;
		};
/* End PBXResourcesBuildPhase section */

/* Begin PBXSourcesBuildPhase section */
		8F931C042D03512000AFD218 /* Sources */ = {
			isa = PBXSourcesBuildPhase;
			buildActionMask = 2147483647;
			files = (
			);
			runOnlyForDeploymentPostprocessing = 0;
		};
		8F931C1A2D03512200AFD218 /* Sources */ = {
			isa = PBXSourcesBuildPhase;
			buildActionMask = 2147483647;
			files = (
			);
			runOnlyForDeploymentPostprocessing = 0;
		};
		8F931C242D03512200AFD218 /* Sources */ = {
			isa = PBXSourcesBuildPhase;
			buildActionMask = 2147483647;
			files = (
			);
			runOnlyForDeploymentPostprocessing = 0;
		};
/* End PBXSourcesBuildPhase section */

/* Begin PBXTargetDependency section */
		8F931C202D03512200AFD218 /* PBXTargetDependency */ = {
			isa = PBXTargetDependency;
			target = 8F931C072D03512000AFD218 /* MoneyExcangeCalculator */;
			targetProxy = 8F931C1F2D03512200AFD218 /* PBXContainerItemProxy */;
		};
		8F931C2A2D03512200AFD218 /* PBXTargetDependency */ = {
			isa = PBXTargetDependency;
			target = 8F931C072D03512000AFD218 /* MoneyExcangeCalculator */;
			targetProxy = 8F931C292D03512200AFD218 /* PBXContainerItemProxy */;
		};
/* End PBXTargetDependency section */

/* Begin XCBuildConfiguration section */
		8F931C322D03512200AFD218 /* Debug */ = {
			isa = XCBuildConfiguration;
			buildSettings = {
				ASSETCATALOG_COMPILER_APPICON_NAME = AppIcon;
				ASSETCATALOG_COMPILER_GLOBAL_ACCENT_COLOR_NAME = AccentColor;
				CODE_SIGN_STYLE = Automatic;
				CURRENT_PROJECT_VERSION = 1;
				GENERATE_INFOPLIST_FILE = YES;
				INFOPLIST_FILE = MoneyExcangeCalculator/Info.plist;
				INFOPLIST_KEY_UIApplicationSupportsIndirectInputEvents = YES;
				INFOPLIST_KEY_UILaunchStoryboardName = LaunchScreen;
				INFOPLIST_KEY_UIMainStoryboardFile = Main;
				INFOPLIST_KEY_UISupportedInterfaceOrientations_iPad = "UIInterfaceOrientationPortrait UIInterfaceOrientationPortraitUpsideDown UIInterfaceOrientationLandscapeLeft UIInterfaceOrientationLandscapeRight";
				INFOPLIST_KEY_UISupportedInterfaceOrientations_iPhone = "UIInterfaceOrientationPortrait UIInterfaceOrientationLandscapeLeft UIInterfaceOrientationLandscapeRight";
				LD_RUNPATH_SEARCH_PATHS = (
					"$(inherited)",
					"@executable_path/Frameworks",
				);
				MARKETING_VERSION = 1.0;
				PRODUCT_BUNDLE_IDENTIFIER = com.currencyconverter.MoneyExcangeCalculator;
				PRODUCT_NAME = "$(TARGET_NAME)";
				SWIFT_EMIT_LOC_STRINGS = YES;
				SWIFT_VERSION = 5.0;
				TARGETED_DEVICE_FAMILY = "1,2";
			};
			name = Debug;
		};
		8F931C332D03512200AFD218 /* Release */ = {
			isa = XCBuildConfiguration;
			buildSettings = {
				ASSETCATALOG_COMPILER_APPICON_NAME = AppIcon;
				ASSETCATALOG_COMPILER_GLOBAL_ACCENT_COLOR_NAME = AccentColor;
				CODE_SIGN_STYLE = Automatic;
				CURRENT_PROJECT_VERSION = 1;
				GENERATE_INFOPLIST_FILE = YES;
				INFOPLIST_FILE = MoneyExcangeCalculator/Info.plist;
				INFOPLIST_KEY_UIApplicationSupportsIndirectInputEvents = YES;
				INFOPLIST_KEY_UILaunchStoryboardName = LaunchScreen;
				INFOPLIST_KEY_UIMainStoryboardFile = Main;
				INFOPLIST_KEY_UISupportedInterfaceOrientations_iPad = "UIInterfaceOrientationPortrait UIInterfaceOrientationPortraitUpsideDown UIInterfaceOrientationLandscapeLeft UIInterfaceOrientationLandscapeRight";
				INFOPLIST_KEY_UISupportedInterfaceOrientations_iPhone = "UIInterfaceOrientationPortrait UIInterfaceOrientationLandscapeLeft UIInterfaceOrientationLandscapeRight";
				LD_RUNPATH_SEARCH_PATHS = (
					"$(inherited)",
					"@executable_path/Frameworks",
				);
				MARKETING_VERSION = 1.0;
				PRODUCT_BUNDLE_IDENTIFIER = com.currencyconverter.MoneyExcangeCalculator;
				PRODUCT_NAME = "$(TARGET_NAME)";
				SWIFT_EMIT_LOC_STRINGS = YES;
				SWIFT_VERSION = 5.0;
				TARGETED_DEVICE_FAMILY = "1,2";
			};
			name = Release;
		};
		8F931C342D03512200AFD218 /* Debug */ = {
			isa = XCBuildConfiguration;
			buildSettings = {
				ALWAYS_SEARCH_USER_PATHS = NO;
				ASSETCATALOG_COMPILER_GENERATE_SWIFT_ASSET_SYMBOL_EXTENSIONS = YES;
				CLANG_ANALYZER_NONNULL = YES;
				CLANG_ANALYZER_NUMBER_OBJECT_CONVERSION = YES_AGGRESSIVE;
				CLANG_CXX_LANGUAGE_STANDARD = "gnu++20";
				CLANG_ENABLE_MODULES = YES;
				CLANG_ENABLE_OBJC_ARC = YES;
				CLANG_ENABLE_OBJC_WEAK = YES;
				CLANG_WARN_BLOCK_CAPTURE_AUTORELEASING = YES;
				CLANG_WARN_BOOL_CONVERSION = YES;
				CLANG_WARN_COMMA = YES;
				CLANG_WARN_CONSTANT_CONVERSION = YES;
				CLANG_WARN_DEPRECATED_OBJC_IMPLEMENTATIONS = YES;
				CLANG_WARN_DIRECT_OBJC_ISA_USAGE = YES_ERROR;
				CLANG_WARN_DOCUMENTATION_COMMENTS = YES;
				CLANG_WARN_EMPTY_BODY = YES;
				CLANG_WARN_ENUM_CONVERSION = YES;
				CLANG_WARN_INFINITE_RECURSION = YES;
				CLANG_WARN_INT_CONVERSION = YES;
				CLANG_WARN_NON_LITERAL_NULL_CONVERSION = YES;
				CLANG_WARN_OBJC_IMPLICIT_RETAIN_SELF = YES;
				CLANG_WARN_OBJC_LITERAL_CONVERSION = YES;
				CLANG_WARN_OBJC_ROOT_CLASS = YES_ERROR;
				CLANG_WARN_QUOTED_INCLUDE_IN_FRAMEWORK_HEADER = YES;
				CLANG_WARN_RANGE_LOOP_ANALYSIS = YES;
				CLANG_WARN_STRICT_PROTOTYPES = YES;
				CLANG_WARN_SUSPICIOUS_MOVE = YES;
				CLANG_WARN_UNGUARDED_AVAILABILITY = YES_AGGRESSIVE;
				CLANG_WARN_UNREACHABLE_CODE = YES;
				CLANG_WARN__DUPLICATE_METHOD_MATCH = YES;
				COPY_PHASE_STRIP = NO;
				DEBUG_INFORMATION_FORMAT = dwarf;
				ENABLE_STRICT_OBJC_MSGSEND = YES;
				ENABLE_TESTABILITY = YES;
				ENABLE_USER_SCRIPT_SANDBOXING = YES;
				GCC_C_LANGUAGE_STANDARD = gnu17;
				GCC_DYNAMIC_NO_PIC = NO;
				GCC_NO_COMMON_BLOCKS = YES;
				GCC_OPTIMIZATION_LEVEL = 0;
				GCC_PREPROCESSOR_DEFINITIONS = (
					"DEBUG=1",
					"$(inherited)",
				);
				GCC_WARN_64_TO_32_BIT_CONVERSION = YES;
				GCC_WARN_ABOUT_RETURN_TYPE = YES_ERROR;
				GCC_WARN_UNDECLARED_SELECTOR = YES;
				GCC_WARN_UNINITIALIZED_AUTOS = YES_AGGRESSIVE;
				GCC_WARN_UNUSED_FUNCTION = YES;
				GCC_WARN_UNUSED_VARIABLE = YES;
				IPHONEOS_DEPLOYMENT_TARGET = 18.1;
				LOCALIZATION_PREFERS_STRING_CATALOGS = YES;
				MTL_ENABLE_DEBUG_INFO = INCLUDE_SOURCE;
				MTL_FAST_MATH = YES;
				ONLY_ACTIVE_ARCH = YES;
				SDKROOT = iphoneos;
				SWIFT_ACTIVE_COMPILATION_CONDITIONS = "DEBUG $(inherited)";
				SWIFT_OPTIMIZATION_LEVEL = "-Onone";
			};
			name = Debug;
		};
		8F931C352D03512200AFD218 /* Release */ = {
			isa = XCBuildConfiguration;
			buildSettings = {
				ALWAYS_SEARCH_USER_PATHS = NO;
				ASSETCATALOG_COMPILER_GENERATE_SWIFT_ASSET_SYMBOL_EXTENSIONS = YES;
				CLANG_ANALYZER_NONNULL = YES;
				CLANG_ANALYZER_NUMBER_OBJECT_CONVERSION = YES_AGGRESSIVE;
				CLANG_CXX_LANGUAGE_STANDARD = "gnu++20";
				CLANG_ENABLE_MODULES = YES;
				CLANG_ENABLE_OBJC_ARC = YES;
				CLANG_ENABLE_OBJC_WEAK = YES;
				CLANG_WARN_BLOCK_CAPTURE_AUTORELEASING = YES;
				CLANG_WARN_BOOL_CONVERSION = YES;
				CLANG_WARN_COMMA = YES;
				CLANG_WARN_CONSTANT_CONVERSION = YES;
				CLANG_WARN_DEPRECATED_OBJC_IMPLEMENTATIONS = YES;
				CLANG_WARN_DIRECT_OBJC_ISA_USAGE = YES_ERROR;
				CLANG_WARN_DOCUMENTATION_COMMENTS = YES;
				CLANG_WARN_EMPTY_BODY = YES;
				CLANG_WARN_ENUM_CONVERSION = YES;
				CLANG_WARN_INFINITE_RECURSION = YES;
				CLANG_WARN_INT_CONVERSION = YES;
				CLANG_WARN_NON_LITERAL_NULL_CONVERSION = YES;
				CLANG_WARN_OBJC_IMPLICIT_RETAIN_SELF = YES;
				CLANG_WARN_OBJC_LITERAL_CONVERSION = YES;
				CLANG_WARN_OBJC_ROOT_CLASS = YES_ERROR;
				CLANG_WARN_QUOTED_INCLUDE_IN_FRAMEWORK_HEADER = YES;
				CLANG_WARN_RANGE_LOOP_ANALYSIS = YES;
				CLANG_WARN_STRICT_PROTOTYPES = YES;
				CLANG_WARN_SUSPICIOUS_MOVE = YES;
				CLANG_WARN_UNGUARDED_AVAILABILITY = YES_AGGRESSIVE;
				CLANG_WARN_UNREACHABLE_CODE = YES;
				CLANG_WARN__DUPLICATE_METHOD_MATCH = YES;
				COPY_PHASE_STRIP = NO;
				DEBUG_INFORMATION_FORMAT = "dwarf-with-dsym";
				ENABLE_NS_ASSERTIONS = NO;
				ENABLE_STRICT_OBJC_MSGSEND = YES;
				ENABLE_USER_SCRIPT_SANDBOXING = YES;
				GCC_C_LANGUAGE_STANDARD = gnu17;
				GCC_NO_COMMON_BLOCKS = YES;
				GCC_WARN_64_TO_32_BIT_CONVERSION = YES;
				GCC_WARN_ABOUT_RETURN_TYPE = YES_ERROR;
				GCC_WARN_UNDECLARED_SELECTOR = YES;
				GCC_WARN_UNINITIALIZED_AUTOS = YES_AGGRESSIVE;
				GCC_WARN_UNUSED_FUNCTION = YES;
				GCC_WARN_UNUSED_VARIABLE = YES;
				IPHONEOS_DEPLOYMENT_TARGET = 18.1;
				LOCALIZATION_PREFERS_STRING_CATALOGS = YES;
				MTL_ENABLE_DEBUG_INFO = NO;
				MTL_FAST_MATH = YES;
				SDKROOT = iphoneos;
				SWIFT_COMPILATION_MODE = wholemodule;
				VALIDATE_PRODUCT = YES;
			};
			name = Release;
		};
		8F931C372D03512200AFD218 /* Debug */ = {
			isa = XCBuildConfiguration;
			buildSettings = {
				BUNDLE_LOADER = "$(TEST_HOST)";
				CODE_SIGN_STYLE = Automatic;
				CURRENT_PROJECT_VERSION = 1;
				GENERATE_INFOPLIST_FILE = YES;
				IPHONEOS_DEPLOYMENT_TARGET = 18.1;
				MARKETING_VERSION = 1.0;
				PRODUCT_BUNDLE_IDENTIFIER = com.currencyconverter.MoneyExcangeCalculatorTests;
				PRODUCT_NAME = "$(TARGET_NAME)";
				SWIFT_EMIT_LOC_STRINGS = NO;
				SWIFT_VERSION = 5.0;
				TARGETED_DEVICE_FAMILY = "1,2";
				TEST_HOST = "$(BUILT_PRODUCTS_DIR)/MoneyExcangeCalculator.app/$(BUNDLE_EXECUTABLE_FOLDER_PATH)/MoneyExcangeCalculator";
			};
			name = Debug;
		};
		8F931C382D03512200AFD218 /* Release */ = {
			isa = XCBuildConfiguration;
			buildSettings = {
				BUNDLE_LOADER = "$(TEST_HOST)";
				CODE_SIGN_STYLE = Automatic;
				CURRENT_PROJECT_VERSION = 1;
				GENERATE_INFOPLIST_FILE = YES;
				IPHONEOS_DEPLOYMENT_TARGET = 18.1;
				MARKETING_VERSION = 1.0;
				PRODUCT_BUNDLE_IDENTIFIER = com.currencyconverter.MoneyExcangeCalculatorTests;
				PRODUCT_NAME = "$(TARGET_NAME)";
				SWIFT_EMIT_LOC_STRINGS = NO;
				SWIFT_VERSION = 5.0;
				TARGETED_DEVICE_FAMILY = "1,2";
				TEST_HOST = "$(BUILT_PRODUCTS_DIR)/MoneyExcangeCalculator.app/$(BUNDLE_EXECUTABLE_FOLDER_PATH)/MoneyExcangeCalculator";
			};
			name = Release;
		};
		8F931C3A2D03512200AFD218 /* Debug */ = {
			isa = XCBuildConfiguration;
			buildSettings = {
				CODE_SIGN_STYLE = Automatic;
				CURRENT_PROJECT_VERSION = 1;
				GENERATE_INFOPLIST_FILE = YES;
				MARKETING_VERSION = 1.0;
				PRODUCT_BUNDLE_IDENTIFIER = com.currencyconverter.MoneyExcangeCalculatorUITests;
				PRODUCT_NAME = "$(TARGET_NAME)";
				SWIFT_EMIT_LOC_STRINGS = NO;
				SWIFT_VERSION = 5.0;
				TARGETED_DEVICE_FAMILY = "1,2";
				TEST_TARGET_NAME = MoneyExcangeCalculator;
			};
			name = Debug;
		};
		8F931C3B2D03512200AFD218 /* Release */ = {
			isa = XCBuildConfiguration;
			buildSettings = {
				CODE_SIGN_STYLE = Automatic;
				CURRENT_PROJECT_VERSION = 1;
				GENERATE_INFOPLIST_FILE = YES;
				MARKETING_VERSION = 1.0;
				PRODUCT_BUNDLE_IDENTIFIER = com.currencyconverter.MoneyExcangeCalculatorUITests;
				PRODUCT_NAME = "$(TARGET_NAME)";
				SWIFT_EMIT_LOC_STRINGS = NO;
				SWIFT_VERSION = 5.0;
				TARGETED_DEVICE_FAMILY = "1,2";
				TEST_TARGET_NAME = MoneyExcangeCalculator;
			};
			name = Release;
		};
/* End XCBuildConfiguration section */

/* Begin XCConfigurationList section */
		8F931C032D03512000AFD218 /* Build configuration list for PBXProject "MoneyExcangeCalculator" */ = {
			isa = XCConfigurationList;
			buildConfigurations = (
				8F931C342D03512200AFD218 /* Debug */,
				8F931C352D03512200AFD218 /* Release */,
			);
			defaultConfigurationIsVisible = 0;
			defaultConfigurationName = Release;
		};
		8F931C312D03512200AFD218 /* Build configuration list for PBXNativeTarget "MoneyExcangeCalculator" */ = {
			isa = XCConfigurationList;
			buildConfigurations = (
				8F931C322D03512200AFD218 /* Debug */,
				8F931C332D03512200AFD218 /* Release */,
			);
			defaultConfigurationIsVisible = 0;
			defaultConfigurationName = Release;
		};
		8F931C362D03512200AFD218 /* Build configuration list for PBXNativeTarget "MoneyExcangeCalculatorTests" */ = {
			isa = XCConfigurationList;
			buildConfigurations = (
				8F931C372D03512200AFD218 /* Debug */,
				8F931C382D03512200AFD218 /* Release */,
			);
			defaultConfigurationIsVisible = 0;
			defaultConfigurationName = Release;
		};
		8F931C392D03512200AFD218 /* Build configuration list for PBXNativeTarget "MoneyExcangeCalculatorUITests" */ = {
			isa = XCConfigurationList;
			buildConfigurations = (
				8F931C3A2D03512200AFD218 /* Debug */,
				8F931C3B2D03512200AFD218 /* Release */,
			);
			defaultConfigurationIsVisible = 0;
			defaultConfigurationName = Release;
		};
/* End XCConfigurationList section */

/* Begin XCRemoteSwiftPackageReference section */
		8F1E6DFD2D0739C4004B8F4B /* XCRemoteSwiftPackageReference "Toast-Swift" */ = {
			isa = XCRemoteSwiftPackageReference;
			repositoryURL = "https://github.com/scalessec/Toast-Swift";
			requirement = {
				kind = upToNextMajorVersion;
				minimumVersion = 5.1.1;
			};
		};
		8F931C6D2D05F0A300AFD218 /* XCRemoteSwiftPackageReference "SkeletonView" */ = {
			isa = XCRemoteSwiftPackageReference;
			repositoryURL = "https://github.com/Juanpe/SkeletonView.git";
			requirement = {
				kind = upToNextMajorVersion;
				minimumVersion = 1.31.0;
			};
		};
/* End XCRemoteSwiftPackageReference section */

/* Begin XCSwiftPackageProductDependency section */
		8F1E6DFE2D0739C4004B8F4B /* Toast */ = {
			isa = XCSwiftPackageProductDependency;
			package = 8F1E6DFD2D0739C4004B8F4B /* XCRemoteSwiftPackageReference "Toast-Swift" */;
			productName = Toast;
		};
		8F931C6E2D05F0A300AFD218 /* SkeletonView */ = {
			isa = XCSwiftPackageProductDependency;
			package = 8F931C6D2D05F0A300AFD218 /* XCRemoteSwiftPackageReference "SkeletonView" */;
			productName = SkeletonView;
		};
/* End XCSwiftPackageProductDependency section */
	};
	rootObject = 8F931C002D03512000AFD218 /* Project object */;
}
